// !$*UTF8*$!
{
	archiveVersion = 1;
	classes = {
	};
	objectVersion = 56;
	objects = {

/* Begin PBXBuildFile section */
		16AE96A328F264000074D44B /* GoogleService-Info.plist in Resources */ = {isa = PBXBuildFile; fileRef = 16AE96A228F264000074D44B /* GoogleService-Info.plist */; };
		16AE96A628F264930074D44B /* FirebaseAuth in Frameworks */ = {isa = PBXBuildFile; productRef = 16AE96A528F264930074D44B /* FirebaseAuth */; };
		16AE96A828F264930074D44B /* FirebaseFirestore in Frameworks */ = {isa = PBXBuildFile; productRef = 16AE96A728F264930074D44B /* FirebaseFirestore */; };
		16AE96AA28F264930074D44B /* FirebaseStorage in Frameworks */ = {isa = PBXBuildFile; productRef = 16AE96A928F264930074D44B /* FirebaseStorage */; };
		5525613228F26AA600AD350D /* MultiGalleryView.swift in Sources */ = {isa = PBXBuildFile; fileRef = 5525613128F26AA600AD350D /* MultiGalleryView.swift */; };
		5525613428F272CC00AD350D /* MultiGalleryCell.swift in Sources */ = {isa = PBXBuildFile; fileRef = 5525613328F272CC00AD350D /* MultiGalleryCell.swift */; };
		A378595228F1945100414244 /* SABOApp.swift in Sources */ = {isa = PBXBuildFile; fileRef = A378595128F1945100414244 /* SABOApp.swift */; };
		A378595428F1945100414244 /* HomeView.swift in Sources */ = {isa = PBXBuildFile; fileRef = A378595328F1945100414244 /* HomeView.swift */; };
		A378595628F1945200414244 /* Assets.xcassets in Resources */ = {isa = PBXBuildFile; fileRef = A378595528F1945200414244 /* Assets.xcassets */; };
		A378595928F1945200414244 /* Preview Assets.xcassets in Resources */ = {isa = PBXBuildFile; fileRef = A378595828F1945200414244 /* Preview Assets.xcassets */; };
		A385CBF928F19DED00B289C6 /* SABOModel.swift in Sources */ = {isa = PBXBuildFile; fileRef = A385CBF828F19DED00B289C6 /* SABOModel.swift */; };
		A3EB882028F259C300DD965D /* DetailView.swift in Sources */ = {isa = PBXBuildFile; fileRef = A3EB881F28F259C300DD965D /* DetailView.swift */; };
		A3EB882228F25A4E00DD965D /* MainView.swift in Sources */ = {isa = PBXBuildFile; fileRef = A3EB882128F25A4E00DD965D /* MainView.swift */; };
/* End PBXBuildFile section */

/* Begin PBXFileReference section */
		16AE96A228F264000074D44B /* GoogleService-Info.plist */ = {isa = PBXFileReference; fileEncoding = 4; lastKnownFileType = text.plist.xml; path = "GoogleService-Info.plist"; sourceTree = "<group>"; };
		5525613128F26AA600AD350D /* MultiGalleryView.swift */ = {isa = PBXFileReference; lastKnownFileType = sourcecode.swift; path = MultiGalleryView.swift; sourceTree = "<group>"; };
		5525613328F272CC00AD350D /* MultiGalleryCell.swift */ = {isa = PBXFileReference; lastKnownFileType = sourcecode.swift; path = MultiGalleryCell.swift; sourceTree = "<group>"; };
		A378594E28F1945100414244 /* SABO.app */ = {isa = PBXFileReference; explicitFileType = wrapper.application; includeInIndex = 0; path = SABO.app; sourceTree = BUILT_PRODUCTS_DIR; };
		A378595128F1945100414244 /* SABOApp.swift */ = {isa = PBXFileReference; lastKnownFileType = sourcecode.swift; path = SABOApp.swift; sourceTree = "<group>"; };
		A378595328F1945100414244 /* HomeView.swift */ = {isa = PBXFileReference; lastKnownFileType = sourcecode.swift; path = HomeView.swift; sourceTree = "<group>"; };
		A378595528F1945200414244 /* Assets.xcassets */ = {isa = PBXFileReference; lastKnownFileType = folder.assetcatalog; path = Assets.xcassets; sourceTree = "<group>"; };
		A378595828F1945200414244 /* Preview Assets.xcassets */ = {isa = PBXFileReference; lastKnownFileType = folder.assetcatalog; path = "Preview Assets.xcassets"; sourceTree = "<group>"; };
		A385CBF828F19DED00B289C6 /* SABOModel.swift */ = {isa = PBXFileReference; lastKnownFileType = sourcecode.swift; path = SABOModel.swift; sourceTree = "<group>"; };
		A3EB881F28F259C300DD965D /* DetailView.swift */ = {isa = PBXFileReference; lastKnownFileType = sourcecode.swift; path = DetailView.swift; sourceTree = "<group>"; };
		A3EB882128F25A4E00DD965D /* MainView.swift */ = {isa = PBXFileReference; lastKnownFileType = sourcecode.swift; path = MainView.swift; sourceTree = "<group>"; };
/* End PBXFileReference section */

/* Begin PBXFrameworksBuildPhase section */
		A378594B28F1945100414244 /* Frameworks */ = {
			isa = PBXFrameworksBuildPhase;
			buildActionMask = 2147483647;
			files = (
				16AE96A628F264930074D44B /* FirebaseAuth in Frameworks */,
				16AE96A828F264930074D44B /* FirebaseFirestore in Frameworks */,
				16AE96AA28F264930074D44B /* FirebaseStorage in Frameworks */,
			);
			runOnlyForDeploymentPostprocessing = 0;
		};
/* End PBXFrameworksBuildPhase section */

/* Begin PBXGroup section */
		A378594528F1945100414244 = {
			isa = PBXGroup;
			children = (
				A378595028F1945100414244 /* SABO */,
				A378594F28F1945100414244 /* Products */,
			);
			sourceTree = "<group>";
		};
		A378594F28F1945100414244 /* Products */ = {
			isa = PBXGroup;
			children = (
				A378594E28F1945100414244 /* SABO.app */,
			);
			name = Products;
			sourceTree = "<group>";
		};
		A378595028F1945100414244 /* SABO */ = {
			isa = PBXGroup;
			children = (
				A378595128F1945100414244 /* SABOApp.swift */,
				A385CBF828F19DED00B289C6 /* SABOModel.swift */,
				A378595328F1945100414244 /* HomeView.swift */,
				A3EB881F28F259C300DD965D /* DetailView.swift */,
				A3EB882128F25A4E00DD965D /* MainView.swift */,
				5525613128F26AA600AD350D /* MultiGalleryView.swift */,
				5525613328F272CC00AD350D /* MultiGalleryCell.swift */,
				A378595528F1945200414244 /* Assets.xcassets */,
				16AE96A228F264000074D44B /* GoogleService-Info.plist */,
				A378595728F1945200414244 /* Preview Content */,
			);
			path = SABO;
			sourceTree = "<group>";
		};
		A378595728F1945200414244 /* Preview Content */ = {
			isa = PBXGroup;
			children = (
				A378595828F1945200414244 /* Preview Assets.xcassets */,
			);
			path = "Preview Content";
			sourceTree = "<group>";
		};
/* End PBXGroup section */

/* Begin PBXNativeTarget section */
		A378594D28F1945100414244 /* SABO */ = {
			isa = PBXNativeTarget;
			buildConfigurationList = A378595C28F1945200414244 /* Build configuration list for PBXNativeTarget "SABO" */;
			buildPhases = (
				A378594A28F1945100414244 /* Sources */,
				A378594B28F1945100414244 /* Frameworks */,
				A378594C28F1945100414244 /* Resources */,
			);
			buildRules = (
			);
			dependencies = (
			);
			name = SABO;
			packageProductDependencies = (
				16AE96A528F264930074D44B /* FirebaseAuth */,
				16AE96A728F264930074D44B /* FirebaseFirestore */,
				16AE96A928F264930074D44B /* FirebaseStorage */,
			);
			productName = SABO;
			productReference = A378594E28F1945100414244 /* SABO.app */;
			productType = "com.apple.product-type.application";
		};
/* End PBXNativeTarget section */

/* Begin PBXProject section */
		A378594628F1945100414244 /* Project object */ = {
			isa = PBXProject;
			attributes = {
				BuildIndependentTargetsInParallel = 1;
				LastSwiftUpdateCheck = 1400;
				LastUpgradeCheck = 1400;
				TargetAttributes = {
					A378594D28F1945100414244 = {
						CreatedOnToolsVersion = 14.0.1;
					};
				};
			};
			buildConfigurationList = A378594928F1945100414244 /* Build configuration list for PBXProject "SABO" */;
			compatibilityVersion = "Xcode 14.0";
			developmentRegion = en;
			hasScannedForEncodings = 0;
			knownRegions = (
				en,
				Base,
			);
			mainGroup = A378594528F1945100414244;
			packageReferences = (
				16AE96A428F264930074D44B /* XCRemoteSwiftPackageReference "firebase-ios-sdk" */,
			);
			productRefGroup = A378594F28F1945100414244 /* Products */;
			projectDirPath = "";
			projectRoot = "";
			targets = (
				A378594D28F1945100414244 /* SABO */,
			);
		};
/* End PBXProject section */

/* Begin PBXResourcesBuildPhase section */
		A378594C28F1945100414244 /* Resources */ = {
			isa = PBXResourcesBuildPhase;
			buildActionMask = 2147483647;
			files = (
				A378595928F1945200414244 /* Preview Assets.xcassets in Resources */,
				A378595628F1945200414244 /* Assets.xcassets in Resources */,
				16AE96A328F264000074D44B /* GoogleService-Info.plist in Resources */,
			);
			runOnlyForDeploymentPostprocessing = 0;
		};
/* End PBXResourcesBuildPhase section */

/* Begin PBXSourcesBuildPhase section */
		A378594A28F1945100414244 /* Sources */ = {
			isa = PBXSourcesBuildPhase;
			buildActionMask = 2147483647;
			files = (
				A378595428F1945100414244 /* HomeView.swift in Sources */,
				A3EB882028F259C300DD965D /* DetailView.swift in Sources */,
				A378595228F1945100414244 /* SABOApp.swift in Sources */,
				5525613228F26AA600AD350D /* MultiGalleryView.swift in Sources */,
				A3EB882228F25A4E00DD965D /* MainView.swift in Sources */,
				5525613428F272CC00AD350D /* MultiGalleryCell.swift in Sources */,
				A385CBF928F19DED00B289C6 /* SABOModel.swift in Sources */,
			);
			runOnlyForDeploymentPostprocessing = 0;
		};
/* End PBXSourcesBuildPhase section */

/* Begin XCBuildConfiguration section */
		A378595A28F1945200414244 /* Debug */ = {
			isa = XCBuildConfiguration;
			buildSettings = {
				ALWAYS_SEARCH_USER_PATHS = NO;
				CLANG_ANALYZER_NONNULL = YES;
				CLANG_ANALYZER_NUMBER_OBJECT_CONVERSION = YES_AGGRESSIVE;
				CLANG_CXX_LANGUAGE_STANDARD = "gnu++20";
				CLANG_ENABLE_MODULES = YES;
				CLANG_ENABLE_OBJC_ARC = YES;
				CLANG_ENABLE_OBJC_WEAK = YES;
				CLANG_WARN_BLOCK_CAPTURE_AUTORELEASING = YES;
				CLANG_WARN_BOOL_CONVERSION = YES;
				CLANG_WARN_COMMA = YES;
				CLANG_WARN_CONSTANT_CONVERSION = YES;
				CLANG_WARN_DEPRECATED_OBJC_IMPLEMENTATIONS = YES;
				CLANG_WARN_DIRECT_OBJC_ISA_USAGE = YES_ERROR;
				CLANG_WARN_DOCUMENTATION_COMMENTS = YES;
				CLANG_WARN_EMPTY_BODY = YES;
				CLANG_WARN_ENUM_CONVERSION = YES;
				CLANG_WARN_INFINITE_RECURSION = YES;
				CLANG_WARN_INT_CONVERSION = YES;
				CLANG_WARN_NON_LITERAL_NULL_CONVERSION = YES;
				CLANG_WARN_OBJC_IMPLICIT_RETAIN_SELF = YES;
				CLANG_WARN_OBJC_LITERAL_CONVERSION = YES;
				CLANG_WARN_OBJC_ROOT_CLASS = YES_ERROR;
				CLANG_WARN_QUOTED_INCLUDE_IN_FRAMEWORK_HEADER = YES;
				CLANG_WARN_RANGE_LOOP_ANALYSIS = YES;
				CLANG_WARN_STRICT_PROTOTYPES = YES;
				CLANG_WARN_SUSPICIOUS_MOVE = YES;
				CLANG_WARN_UNGUARDED_AVAILABILITY = YES_AGGRESSIVE;
				CLANG_WARN_UNREACHABLE_CODE = YES;
				CLANG_WARN__DUPLICATE_METHOD_MATCH = YES;
				COPY_PHASE_STRIP = NO;
				DEBUG_INFORMATION_FORMAT = dwarf;
				ENABLE_STRICT_OBJC_MSGSEND = YES;
				ENABLE_TESTABILITY = YES;
				GCC_C_LANGUAGE_STANDARD = gnu11;
				GCC_DYNAMIC_NO_PIC = NO;
				GCC_NO_COMMON_BLOCKS = YES;
				GCC_OPTIMIZATION_LEVEL = 0;
				GCC_PREPROCESSOR_DEFINITIONS = (
					"DEBUG=1",
					"$(inherited)",
				);
				GCC_WARN_64_TO_32_BIT_CONVERSION = YES;
				GCC_WARN_ABOUT_RETURN_TYPE = YES_ERROR;
				GCC_WARN_UNDECLARED_SELECTOR = YES;
				GCC_WARN_UNINITIALIZED_AUTOS = YES_AGGRESSIVE;
				GCC_WARN_UNUSED_FUNCTION = YES;
				GCC_WARN_UNUSED_VARIABLE = YES;
				IPHONEOS_DEPLOYMENT_TARGET = 16.0;
				MTL_ENABLE_DEBUG_INFO = INCLUDE_SOURCE;
				MTL_FAST_MATH = YES;
				ONLY_ACTIVE_ARCH = YES;
				SDKROOT = iphoneos;
				SWIFT_ACTIVE_COMPILATION_CONDITIONS = DEBUG;
				SWIFT_OPTIMIZATION_LEVEL = "-Onone";
			};
			name = Debug;
		};
		A378595B28F1945200414244 /* Release */ = {
			isa = XCBuildConfiguration;
			buildSettings = {
				ALWAYS_SEARCH_USER_PATHS = NO;
				CLANG_ANALYZER_NONNULL = YES;
				CLANG_ANALYZER_NUMBER_OBJECT_CONVERSION = YES_AGGRESSIVE;
				CLANG_CXX_LANGUAGE_STANDARD = "gnu++20";
				CLANG_ENABLE_MODULES = YES;
				CLANG_ENABLE_OBJC_ARC = YES;
				CLANG_ENABLE_OBJC_WEAK = YES;
				CLANG_WARN_BLOCK_CAPTURE_AUTORELEASING = YES;
				CLANG_WARN_BOOL_CONVERSION = YES;
				CLANG_WARN_COMMA = YES;
				CLANG_WARN_CONSTANT_CONVERSION = YES;
				CLANG_WARN_DEPRECATED_OBJC_IMPLEMENTATIONS = YES;
				CLANG_WARN_DIRECT_OBJC_ISA_USAGE = YES_ERROR;
				CLANG_WARN_DOCUMENTATION_COMMENTS = YES;
				CLANG_WARN_EMPTY_BODY = YES;
				CLANG_WARN_ENUM_CONVERSION = YES;
				CLANG_WARN_INFINITE_RECURSION = YES;
				CLANG_WARN_INT_CONVERSION = YES;
				CLANG_WARN_NON_LITERAL_NULL_CONVERSION = YES;
				CLANG_WARN_OBJC_IMPLICIT_RETAIN_SELF = YES;
				CLANG_WARN_OBJC_LITERAL_CONVERSION = YES;
				CLANG_WARN_OBJC_ROOT_CLASS = YES_ERROR;
				CLANG_WARN_QUOTED_INCLUDE_IN_FRAMEWORK_HEADER = YES;
				CLANG_WARN_RANGE_LOOP_ANALYSIS = YES;
				CLANG_WARN_STRICT_PROTOTYPES = YES;
				CLANG_WARN_SUSPICIOUS_MOVE = YES;
				CLANG_WARN_UNGUARDED_AVAILABILITY = YES_AGGRESSIVE;
				CLANG_WARN_UNREACHABLE_CODE = YES;
				CLANG_WARN__DUPLICATE_METHOD_MATCH = YES;
				COPY_PHASE_STRIP = NO;
				DEBUG_INFORMATION_FORMAT = "dwarf-with-dsym";
				ENABLE_NS_ASSERTIONS = NO;
				ENABLE_STRICT_OBJC_MSGSEND = YES;
				GCC_C_LANGUAGE_STANDARD = gnu11;
				GCC_NO_COMMON_BLOCKS = YES;
				GCC_WARN_64_TO_32_BIT_CONVERSION = YES;
				GCC_WARN_ABOUT_RETURN_TYPE = YES_ERROR;
				GCC_WARN_UNDECLARED_SELECTOR = YES;
				GCC_WARN_UNINITIALIZED_AUTOS = YES_AGGRESSIVE;
				GCC_WARN_UNUSED_FUNCTION = YES;
				GCC_WARN_UNUSED_VARIABLE = YES;
				IPHONEOS_DEPLOYMENT_TARGET = 16.0;
				MTL_ENABLE_DEBUG_INFO = NO;
				MTL_FAST_MATH = YES;
				SDKROOT = iphoneos;
				SWIFT_COMPILATION_MODE = wholemodule;
				SWIFT_OPTIMIZATION_LEVEL = "-O";
				VALIDATE_PRODUCT = YES;
			};
			name = Release;
		};
		A378595D28F1945200414244 /* Debug */ = {
			isa = XCBuildConfiguration;
			buildSettings = {
				ASSETCATALOG_COMPILER_APPICON_NAME = AppIcon;
				ASSETCATALOG_COMPILER_GLOBAL_ACCENT_COLOR_NAME = AccentColor;
				CODE_SIGN_IDENTITY = "Apple Development";
				CODE_SIGN_STYLE = Automatic;
				CURRENT_PROJECT_VERSION = 1;
				DEVELOPMENT_ASSET_PATHS = "\"SABO/Preview Content\"";
				DEVELOPMENT_TEAM = 79Q32HWWTW;
				ENABLE_PREVIEWS = YES;
				GENERATE_INFOPLIST_FILE = YES;
				INFOPLIST_KEY_UIApplicationSceneManifest_Generation = YES;
				INFOPLIST_KEY_UIApplicationSupportsIndirectInputEvents = YES;
				INFOPLIST_KEY_UILaunchScreen_Generation = YES;
				INFOPLIST_KEY_UISupportedInterfaceOrientations_iPad = "UIInterfaceOrientationPortrait UIInterfaceOrientationPortraitUpsideDown UIInterfaceOrientationLandscapeLeft UIInterfaceOrientationLandscapeRight";
				INFOPLIST_KEY_UISupportedInterfaceOrientations_iPhone = "UIInterfaceOrientationPortrait UIInterfaceOrientationLandscapeLeft UIInterfaceOrientationLandscapeRight";
				IPHONEOS_DEPLOYMENT_TARGET = 15.0;
				LD_RUNPATH_SEARCH_PATHS = (
					"$(inherited)",
					"@executable_path/Frameworks",
				);
				MARKETING_VERSION = 1.0;
				PRODUCT_BUNDLE_IDENTIFIER = "com.chaam-company.SABO";
				PRODUCT_NAME = "$(TARGET_NAME)";
				PROVISIONING_PROFILE_SPECIFIER = "";
				SWIFT_EMIT_LOC_STRINGS = YES;
				SWIFT_VERSION = 5.0;
				TARGETED_DEVICE_FAMILY = "1,2";
			};
			name = Debug;
		};
		A378595E28F1945200414244 /* Release */ = {
			isa = XCBuildConfiguration;
			buildSettings = {
				ASSETCATALOG_COMPILER_APPICON_NAME = AppIcon;
				ASSETCATALOG_COMPILER_GLOBAL_ACCENT_COLOR_NAME = AccentColor;
				CODE_SIGN_IDENTITY = "Apple Development";
				CODE_SIGN_STYLE = Automatic;
				CURRENT_PROJECT_VERSION = 1;
				DEVELOPMENT_ASSET_PATHS = "\"SABO/Preview Content\"";
				DEVELOPMENT_TEAM = 79Q32HWWTW;
				ENABLE_PREVIEWS = YES;
				GENERATE_INFOPLIST_FILE = YES;
				INFOPLIST_KEY_UIApplicationSceneManifest_Generation = YES;
				INFOPLIST_KEY_UIApplicationSupportsIndirectInputEvents = YES;
				INFOPLIST_KEY_UILaunchScreen_Generation = YES;
				INFOPLIST_KEY_UISupportedInterfaceOrientations_iPad = "UIInterfaceOrientationPortrait UIInterfaceOrientationPortraitUpsideDown UIInterfaceOrientationLandscapeLeft UIInterfaceOrientationLandscapeRight";
				INFOPLIST_KEY_UISupportedInterfaceOrientations_iPhone = "UIInterfaceOrientationPortrait UIInterfaceOrientationLandscapeLeft UIInterfaceOrientationLandscapeRight";
				IPHONEOS_DEPLOYMENT_TARGET = 15.0;
				LD_RUNPATH_SEARCH_PATHS = (
					"$(inherited)",
					"@executable_path/Frameworks",
				);
				MARKETING_VERSION = 1.0;
				PRODUCT_BUNDLE_IDENTIFIER = "com.chaam-company.SABO";
				PRODUCT_NAME = "$(TARGET_NAME)";
				PROVISIONING_PROFILE_SPECIFIER = "";
				SWIFT_EMIT_LOC_STRINGS = YES;
				SWIFT_VERSION = 5.0;
				TARGETED_DEVICE_FAMILY = "1,2";
			};
			name = Release;
		};
/* End XCBuildConfiguration section */

/* Begin XCConfigurationList section */
		A378594928F1945100414244 /* Build configuration list for PBXProject "SABO" */ = {
			isa = XCConfigurationList;
			buildConfigurations = (
				A378595A28F1945200414244 /* Debug */,
				A378595B28F1945200414244 /* Release */,
			);
			defaultConfigurationIsVisible = 0;
			defaultConfigurationName = Release;
		};
		A378595C28F1945200414244 /* Build configuration list for PBXNativeTarget "SABO" */ = {
			isa = XCConfigurationList;
			buildConfigurations = (
				A378595D28F1945200414244 /* Debug */,
				A378595E28F1945200414244 /* Release */,
			);
			defaultConfigurationIsVisible = 0;
			defaultConfigurationName = Release;
		};
/* End XCConfigurationList section */

/* Begin XCRemoteSwiftPackageReference section */
		16AE96A428F264930074D44B /* XCRemoteSwiftPackageReference "firebase-ios-sdk" */ = {
			isa = XCRemoteSwiftPackageReference;
			repositoryURL = "https://github.com/firebase/firebase-ios-sdk";
			requirement = {
				kind = upToNextMajorVersion;
				minimumVersion = 9.0.0;
			};
		};
/* End XCRemoteSwiftPackageReference section */

/* Begin XCSwiftPackageProductDependency section */
		16AE96A528F264930074D44B /* FirebaseAuth */ = {
			isa = XCSwiftPackageProductDependency;
			package = 16AE96A428F264930074D44B /* XCRemoteSwiftPackageReference "firebase-ios-sdk" */;
			productName = FirebaseAuth;
		};
		16AE96A728F264930074D44B /* FirebaseFirestore */ = {
			isa = XCSwiftPackageProductDependency;
			package = 16AE96A428F264930074D44B /* XCRemoteSwiftPackageReference "firebase-ios-sdk" */;
			productName = FirebaseFirestore;
		};
		16AE96A928F264930074D44B /* FirebaseStorage */ = {
			isa = XCSwiftPackageProductDependency;
			package = 16AE96A428F264930074D44B /* XCRemoteSwiftPackageReference "firebase-ios-sdk" */;
			productName = FirebaseStorage;
		};
/* End XCSwiftPackageProductDependency section */
	};
	rootObject = A378594628F1945100414244 /* Project object */;
}
